{
  "name": "retra-ratelimit",
  "version": "1.3.0",
  "lockfileVersion": 1,
  "requires": true,
  "dependencies": {
    "retra": {
      "version": "1.2.0",
      "resolved": "https://registry.npmjs.org/retra/-/retra-1.2.0.tgz",
      "integrity": "sha512-kVd252Gt69aW5t6pSMoh0tNWvv7bAtJCHmBbtH0PV1pNIpYpKxqPRn4j2FEaHH4+fp9bi4e9KtfJPTDGN50xDQ==",
      "dev": true
    }
  }
}
