{
  "name": "retra-ratelimit",
  "version": "1.1.0",
  "lockfileVersion": 1,
  "requires": true,
  "dependencies": {
    "retra": {
      "version": "1.0.2",
      "resolved": "https://registry.npmjs.org/retra/-/retra-1.0.2.tgz",
      "integrity": "sha512-pjKtsMiYChDcbTAE5TrajcW5YY+q2fM/IdYdH1kZzRXOmz0X1WwZa5/O6svVnl9A8uMdaCsblGCZ37syRcdvNw==",
      "dev": true
    }
  }
}
